
Microsoft Visual Studio Solution File, Format Version 15.00
# Visual Studio 2017
Project("{FAE04EC0-301F-11D3-BF4B-00C04F79EFBC}") = "myApp", "myApp\myApp.csproj", "{0D86DE95-D8E8-40CA-B41E-E0A0E2974BF0}"
EndProject
Project("{FAE04EC0-301F-11D3-BF4B-00C04F79EFBC}") = "myAppTests", "myAppTests\myAppTests.csproj", "{9D581732-5F39-4C46-8416-646C148D8244}"
EndProject
Global
	GlobalSection(SolutionConfigurationPlatforms) = preSolution
		Debug|Any CPU = Debug|Any CPU
		Release|Any CPU = Release|Any CPU
	EndGlobalSection
	GlobalSection(ProjectConfigurationPlatforms) = postSolution
		{0D86DE95-D8E8-40CA-B41E-E0A0E2974BF0}.Debug|Any CPU.ActiveCfg = Debug|Any CPU
		{0D86DE95-D8E8-40CA-B41E-E0A0E2974BF0}.Debug|Any CPU.Build.0 = Debug|Any CPU
		{0D86DE95-D8E8-40CA-B41E-E0A0E2974BF0}.Release|Any CPU.ActiveCfg = Release|Any CPU
		{0D86DE95-D8E8-40CA-B41E-E0A0E2974BF0}.Release|Any CPU.Build.0 = Release|Any CPU
		{9D581732-5F39-4C46-8416-646C148D8244}.Debug|Any CPU.ActiveCfg = Debug|Any CPU
		{9D581732-5F39-4C46-8416-646C148D8244}.Debug|Any CPU.Build.0 = Debug|Any CPU
		{9D581732-5F39-4C46-8416-646C148D8244}.Release|Any CPU.ActiveCfg = Release|Any CPU
		{9D581732-5F39-4C46-8416-646C148D8244}.Release|Any CPU.Build.0 = Release|Any CPU
	EndGlobalSection
EndGlobal
